// !$*UTF8*$!
{
	archiveVersion = 1;
	classes = {
	};
	objectVersion = 50;
	objects = {

/* Begin PBXBuildFile section */
		7B6A4F0E2176590B00AD299A /* AppDelegate.swift in Sources */ = {isa = PBXBuildFile; fileRef = 7B6A4F0D2176590B00AD299A /* AppDelegate.swift */; };
		7B6A4F102176590B00AD299A /* DogTableViewController.swift in Sources */ = {isa = PBXBuildFile; fileRef = 7B6A4F0F2176590B00AD299A /* DogTableViewController.swift */; };
		7B6A4F132176590B00AD299A /* Main.storyboard in Resources */ = {isa = PBXBuildFile; fileRef = 7B6A4F112176590B00AD299A /* Main.storyboard */; };
		7B6A4F152176590D00AD299A /* Assets.xcassets in Resources */ = {isa = PBXBuildFile; fileRef = 7B6A4F142176590D00AD299A /* Assets.xcassets */; };
		7B6A4F182176590D00AD299A /* LaunchScreen.storyboard in Resources */ = {isa = PBXBuildFile; fileRef = 7B6A4F162176590D00AD299A /* LaunchScreen.storyboard */; };
		7BA859322178EC3400212612 /* dog.swift in Sources */ = {isa = PBXBuildFile; fileRef = 7BA859312178EC3400212612 /* dog.swift */; };
		7BA859342178F13900212612 /* DogTableViewCell.swift in Sources */ = {isa = PBXBuildFile; fileRef = 7BA859332178F13900212612 /* DogTableViewCell.swift */; };
		7BA859382178FB8600212612 /* DogDetailViewController.swift in Sources */ = {isa = PBXBuildFile; fileRef = 7BA859372178FB8600212612 /* DogDetailViewController.swift */; };
/* End PBXBuildFile section */

/* Begin PBXFileReference section */
		7B6A4F0A2176590B00AD299A /* TableViewFun.app */ = {isa = PBXFileReference; explicitFileType = wrapper.application; includeInIndex = 0; path = TableViewFun.app; sourceTree = BUILT_PRODUCTS_DIR; };
		7B6A4F0D2176590B00AD299A /* AppDelegate.swift */ = {isa = PBXFileReference; lastKnownFileType = sourcecode.swift; path = AppDelegate.swift; sourceTree = "<group>"; };
		7B6A4F0F2176590B00AD299A /* DogTableViewController.swift */ = {isa = PBXFileReference; lastKnownFileType = sourcecode.swift; path = DogTableViewController.swift; sourceTree = "<group>"; };
		7B6A4F122176590B00AD299A /* Base */ = {isa = PBXFileReference; lastKnownFileType = file.storyboard; name = Base; path = Base.lproj/Main.storyboard; sourceTree = "<group>"; };
		7B6A4F142176590D00AD299A /* Assets.xcassets */ = {isa = PBXFileReference; lastKnownFileType = folder.assetcatalog; path = Assets.xcassets; sourceTree = "<group>"; };
		7B6A4F172176590D00AD299A /* Base */ = {isa = PBXFileReference; lastKnownFileType = file.storyboard; name = Base; path = Base.lproj/LaunchScreen.storyboard; sourceTree = "<group>"; };
		7B6A4F192176590D00AD299A /* Info.plist */ = {isa = PBXFileReference; lastKnownFileType = text.plist.xml; path = Info.plist; sourceTree = "<group>"; };
		7BA859312178EC3400212612 /* dog.swift */ = {isa = PBXFileReference; lastKnownFileType = sourcecode.swift; path = dog.swift; sourceTree = "<group>"; };
		7BA859332178F13900212612 /* DogTableViewCell.swift */ = {isa = PBXFileReference; lastKnownFileType = sourcecode.swift; path = DogTableViewCell.swift; sourceTree = "<group>"; };
		7BA859372178FB8600212612 /* DogDetailViewController.swift */ = {isa = PBXFileReference; lastKnownFileType = sourcecode.swift; path = DogDetailViewController.swift; sourceTree = "<group>"; };
/* End PBXFileReference section */

/* Begin PBXFrameworksBuildPhase section */
		7B6A4F072176590B00AD299A /* Frameworks */ = {
			isa = PBXFrameworksBuildPhase;
			buildActionMask = 2147483647;
			files = (
			);
			runOnlyForDeploymentPostprocessing = 0;
		};
/* End PBXFrameworksBuildPhase section */

/* Begin PBXGroup section */
		7B6A4F012176590B00AD299A = {
			isa = PBXGroup;
			children = (
				7B6A4F0C2176590B00AD299A /* TableViewFun */,
				7B6A4F0B2176590B00AD299A /* Products */,
			);
			sourceTree = "<group>";
		};
		7B6A4F0B2176590B00AD299A /* Products */ = {
			isa = PBXGroup;
			children = (
				7B6A4F0A2176590B00AD299A /* TableViewFun.app */,
			);
			name = Products;
			sourceTree = "<group>";
		};
		7B6A4F0C2176590B00AD299A /* TableViewFun */ = {
			isa = PBXGroup;
			children = (
				7B6A4F0D2176590B00AD299A /* AppDelegate.swift */,
				7B6A4F0F2176590B00AD299A /* DogTableViewController.swift */,
				7B6A4F112176590B00AD299A /* Main.storyboard */,
				7B6A4F142176590D00AD299A /* Assets.xcassets */,
				7BA859312178EC3400212612 /* dog.swift */,
				7BA859372178FB8600212612 /* DogDetailViewController.swift */,
				7BA859332178F13900212612 /* DogTableViewCell.swift */,
				7B6A4F162176590D00AD299A /* LaunchScreen.storyboard */,
				7B6A4F192176590D00AD299A /* Info.plist */,
			);
			path = TableViewFun;
			sourceTree = "<group>";
		};
/* End PBXGroup section */

/* Begin PBXNativeTarget section */
		7B6A4F092176590B00AD299A /* TableViewFun */ = {
			isa = PBXNativeTarget;
			buildConfigurationList = 7B6A4F1C2176590D00AD299A /* Build configuration list for PBXNativeTarget "TableViewFun" */;
			buildPhases = (
				7B6A4F062176590B00AD299A /* Sources */,
				7B6A4F072176590B00AD299A /* Frameworks */,
				7B6A4F082176590B00AD299A /* Resources */,
			);
			buildRules = (
			);
			dependencies = (
			);
			name = TableViewFun;
			productName = TableViewFun;
			productReference = 7B6A4F0A2176590B00AD299A /* TableViewFun.app */;
			productType = "com.apple.product-type.application";
		};
/* End PBXNativeTarget section */

/* Begin PBXProject section */
		7B6A4F022176590B00AD299A /* Project object */ = {
			isa = PBXProject;
			attributes = {
				LastSwiftUpdateCheck = 1000;
				LastUpgradeCheck = 1000;
				ORGANIZATIONNAME = "Chucka, Zachary Tyler";
				TargetAttributes = {
					7B6A4F092176590B00AD299A = {
						CreatedOnToolsVersion = 10.0;
					};
				};
			};
			buildConfigurationList = 7B6A4F052176590B00AD299A /* Build configuration list for PBXProject "TableViewFun" */;
			compatibilityVersion = "Xcode 9.3";
			developmentRegion = en;
			hasScannedForEncodings = 0;
			knownRegions = (
				en,
				Base,
			);
			mainGroup = 7B6A4F012176590B00AD299A;
			productRefGroup = 7B6A4F0B2176590B00AD299A /* Products */;
			projectDirPath = "";
			projectRoot = "";
			targets = (
				7B6A4F092176590B00AD299A /* TableViewFun */,
			);
		};
/* End PBXProject section */

/* Begin PBXResourcesBuildPhase section */
		7B6A4F082176590B00AD299A /* Resources */ = {
			isa = PBXResourcesBuildPhase;
			buildActionMask = 2147483647;
			files = (
				7B6A4F182176590D00AD299A /* LaunchScreen.storyboard in Resources */,
				7B6A4F152176590D00AD299A /* Assets.xcassets in Resources */,
				7B6A4F132176590B00AD299A /* Main.storyboard in Resources */,
			);
			runOnlyForDeploymentPostprocessing = 0;
		};
/* End PBXResourcesBuildPhase section */

/* Begin PBXSourcesBuildPhase section */
		7B6A4F062176590B00AD299A /* Sources */ = {
			isa = PBXSourcesBuildPhase;
			buildActionMask = 2147483647;
			files = (
				7B6A4F102176590B00AD299A /* DogTableViewController.swift in Sources */,
				7BA859382178FB8600212612 /* DogDetailViewController.swift in Sources */,
				7BA859322178EC3400212612 /* dog.swift in Sources */,
				7BA859342178F13900212612 /* DogTableViewCell.swift in Sources */,
				7B6A4F0E2176590B00AD299A /* AppDelegate.swift in Sources */,
			);
			runOnlyForDeploymentPostprocessing = 0;
		};
/* End PBXSourcesBuildPhase section */

/* Begin PBXVariantGroup section */
		7B6A4F112176590B00AD299A /* Main.storyboard */ = {
			isa = PBXVariantGroup;
			children = (
				7B6A4F122176590B00AD299A /* Base */,
			);
			name = Main.storyboard;
			sourceTree = "<group>";
		};
		7B6A4F162176590D00AD299A /* LaunchScreen.storyboard */ = {
			isa = PBXVariantGroup;
			children = (
				7B6A4F172176590D00AD299A /* Base */,
			);
			name = LaunchScreen.storyboard;
			sourceTree = "<group>";
		};
/* End PBXVariantGroup section */

/* Begin XCBuildConfiguration section */
		7B6A4F1A2176590D00AD299A /* Debug */ = {
			isa = XCBuildConfiguration;
			buildSettings = {
				ALWAYS_SEARCH_USER_PATHS = NO;
				CLANG_ANALYZER_NONNULL = YES;
				CLANG_ANALYZER_NUMBER_OBJECT_CONVERSION = YES_AGGRESSIVE;
				CLANG_CXX_LANGUAGE_STANDARD = "gnu++14";
				CLANG_CXX_LIBRARY = "libc++";
				CLANG_ENABLE_MODULES = YES;
				CLANG_ENABLE_OBJC_ARC = YES;
				CLANG_ENABLE_OBJC_WEAK = YES;
				CLANG_WARN_BLOCK_CAPTURE_AUTORELEASING = YES;
				CLANG_WARN_BOOL_CONVERSION = YES;
				CLANG_WARN_COMMA = YES;
				CLANG_WARN_CONSTANT_CONVERSION = YES;
				CLANG_WARN_DEPRECATED_OBJC_IMPLEMENTATIONS = YES;
				CLANG_WARN_DIRECT_OBJC_ISA_USAGE = YES_ERROR;
				CLANG_WARN_DOCUMENTATION_COMMENTS = YES;
				CLANG_WARN_EMPTY_BODY = YES;
				CLANG_WARN_ENUM_CONVERSION = YES;
				CLANG_WARN_INFINITE_RECURSION = YES;
				CLANG_WARN_INT_CONVERSION = YES;
				CLANG_WARN_NON_LITERAL_NULL_CONVERSION = YES;
				CLANG_WARN_OBJC_IMPLICIT_RETAIN_SELF = YES;
				CLANG_WARN_OBJC_LITERAL_CONVERSION = YES;
				CLANG_WARN_OBJC_ROOT_CLASS = YES_ERROR;
				CLANG_WARN_RANGE_LOOP_ANALYSIS = YES;
				CLANG_WARN_STRICT_PROTOTYPES = YES;
				CLANG_WARN_SUSPICIOUS_MOVE = YES;
				CLANG_WARN_UNGUARDED_AVAILABILITY = YES_AGGRESSIVE;
				CLANG_WARN_UNREACHABLE_CODE = YES;
				CLANG_WARN__DUPLICATE_METHOD_MATCH = YES;
				CODE_SIGN_IDENTITY = "iPhone Developer";
				COPY_PHASE_STRIP = NO;
				DEBUG_INFORMATION_FORMAT = dwarf;
				ENABLE_STRICT_OBJC_MSGSEND = YES;
				ENABLE_TESTABILITY = YES;
				GCC_C_LANGUAGE_STANDARD = gnu11;
				GCC_DYNAMIC_NO_PIC = NO;
				GCC_NO_COMMON_BLOCKS = YES;
				GCC_OPTIMIZATION_LEVEL = 0;
				GCC_PREPROCESSOR_DEFINITIONS = (
					"DEBUG=1",
					"$(inherited)",
				);
				GCC_WARN_64_TO_32_BIT_CONVERSION = YES;
				GCC_WARN_ABOUT_RETURN_TYPE = YES_ERROR;
				GCC_WARN_UNDECLARED_SELECTOR = YES;
				GCC_WARN_UNINITIALIZED_AUTOS = YES_AGGRESSIVE;
				GCC_WARN_UNUSED_FUNCTION = YES;
				GCC_WARN_UNUSED_VARIABLE = YES;
				IPHONEOS_DEPLOYMENT_TARGET = 12.0;
				MTL_ENABLE_DEBUG_INFO = INCLUDE_SOURCE;
				MTL_FAST_MATH = YES;
				ONLY_ACTIVE_ARCH = YES;
				SDKROOT = iphoneos;
				SWIFT_ACTIVE_COMPILATION_CONDITIONS = DEBUG;
				SWIFT_OPTIMIZATION_LEVEL = "-Onone";
			};
			name = Debug;
		};
		7B6A4F1B2176590D00AD299A /* Release */ = {
			isa = XCBuildConfiguration;
			buildSettings = {
				ALWAYS_SEARCH_USER_PATHS = NO;
				CLANG_ANALYZER_NONNULL = YES;
				CLANG_ANALYZER_NUMBER_OBJECT_CONVERSION = YES_AGGRESSIVE;
				CLANG_CXX_LANGUAGE_STANDARD = "gnu++14";
				CLANG_CXX_LIBRARY = "libc++";
				CLANG_ENABLE_MODULES = YES;
				CLANG_ENABLE_OBJC_ARC = YES;
				CLANG_ENABLE_OBJC_WEAK = YES;
				CLANG_WARN_BLOCK_CAPTURE_AUTORELEASING = YES;
				CLANG_WARN_BOOL_CONVERSION = YES;
				CLANG_WARN_COMMA = YES;
				CLANG_WARN_CONSTANT_CONVERSION = YES;
				CLANG_WARN_DEPRECATED_OBJC_IMPLEMENTATIONS = YES;
				CLANG_WARN_DIRECT_OBJC_ISA_USAGE = YES_ERROR;
				CLANG_WARN_DOCUMENTATION_COMMENTS = YES;
				CLANG_WARN_EMPTY_BODY = YES;
				CLANG_WARN_ENUM_CONVERSION = YES;
				CLANG_WARN_INFINITE_RECURSION = YES;
				CLANG_WARN_INT_CONVERSION = YES;
				CLANG_WARN_NON_LITERAL_NULL_CONVERSION = YES;
				CLANG_WARN_OBJC_IMPLICIT_RETAIN_SELF = YES;
				CLANG_WARN_OBJC_LITERAL_CONVERSION = YES;
				CLANG_WARN_OBJC_ROOT_CLASS = YES_ERROR;
				CLANG_WARN_RANGE_LOOP_ANALYSIS = YES;
				CLANG_WARN_STRICT_PROTOTYPES = YES;
				CLANG_WARN_SUSPICIOUS_MOVE = YES;
				CLANG_WARN_UNGUARDED_AVAILABILITY = YES_AGGRESSIVE;
				CLANG_WARN_UNREACHABLE_CODE = YES;
				CLANG_WARN__DUPLICATE_METHOD_MATCH = YES;
				CODE_SIGN_IDENTITY = "iPhone Developer";
				COPY_PHASE_STRIP = NO;
				DEBUG_INFORMATION_FORMAT = "dwarf-with-dsym";
				ENABLE_NS_ASSERTIONS = NO;
				ENABLE_STRICT_OBJC_MSGSEND = YES;
				GCC_C_LANGUAGE_STANDARD = gnu11;
				GCC_NO_COMMON_BLOCKS = YES;
				GCC_WARN_64_TO_32_BIT_CONVERSION = YES;
				GCC_WARN_ABOUT_RETURN_TYPE = YES_ERROR;
				GCC_WARN_UNDECLARED_SELECTOR = YES;
				GCC_WARN_UNINITIALIZED_AUTOS = YES_AGGRESSIVE;
				GCC_WARN_UNUSED_FUNCTION = YES;
				GCC_WARN_UNUSED_VARIABLE = YES;
				IPHONEOS_DEPLOYMENT_TARGET = 12.0;
				MTL_ENABLE_DEBUG_INFO = NO;
				MTL_FAST_MATH = YES;
				SDKROOT = iphoneos;
				SWIFT_COMPILATION_MODE = wholemodule;
				SWIFT_OPTIMIZATION_LEVEL = "-O";
				VALIDATE_PRODUCT = YES;
			};
			name = Release;
		};
		7B6A4F1D2176590D00AD299A /* Debug */ = {
			isa = XCBuildConfiguration;
			buildSettings = {
				ASSETCATALOG_COMPILER_APPICON_NAME = AppIcon;
				CODE_SIGN_STYLE = Automatic;
				INFOPLIST_FILE = TableViewFun/Info.plist;
				LD_RUNPATH_SEARCH_PATHS = (
					"$(inherited)",
					"@executable_path/Frameworks",
				);
				PRODUCT_BUNDLE_IDENTIFIER = com.zacharyChucka.TableViewFun;
				PRODUCT_NAME = "$(TARGET_NAME)";
				SWIFT_VERSION = 4.2;
				TARGETED_DEVICE_FAMILY = "1,2";
			};
			name = Debug;
		};
		7B6A4F1E2176590D00AD299A /* Release */ = {
			isa = XCBuildConfiguration;
			buildSettings = {
				ASSETCATALOG_COMPILER_APPICON_NAME = AppIcon;
				CODE_SIGN_STYLE = Automatic;
				INFOPLIST_FILE = TableViewFun/Info.plist;
				LD_RUNPATH_SEARCH_PATHS = (
					"$(inherited)",
					"@executable_path/Frameworks",
				);
				PRODUCT_BUNDLE_IDENTIFIER = com.zacharyChucka.TableViewFun;
				PRODUCT_NAME = "$(TARGET_NAME)";
				SWIFT_VERSION = 4.2;
				TARGETED_DEVICE_FAMILY = "1,2";
			};
			name = Release;
		};
/* End XCBuildConfiguration section */

/* Begin XCConfigurationList section */
		7B6A4F052176590B00AD299A /* Build configuration list for PBXProject "TableViewFun" */ = {
			isa = XCConfigurationList;
			buildConfigurations = (
				7B6A4F1A2176590D00AD299A /* Debug */,
				7B6A4F1B2176590D00AD299A /* Release */,
			);
			defaultConfigurationIsVisible = 0;
			defaultConfigurationName = Release;
		};
		7B6A4F1C2176590D00AD299A /* Build configuration list for PBXNativeTarget "TableViewFun" */ = {
			isa = XCConfigurationList;
			buildConfigurations = (
				7B6A4F1D2176590D00AD299A /* Debug */,
				7B6A4F1E2176590D00AD299A /* Release */,
			);
			defaultConfigurationIsVisible = 0;
			defaultConfigurationName = Release;
		};
/* End XCConfigurationList section */
	};
	rootObject = 7B6A4F022176590B00AD299A /* Project object */;
}
